Microsoft Visual Studio Solution File, Format Version 12.00
# Visual Studio Version 17
VisualStudioVersion = 17.5.2.0
MinimumVisualStudioVersion = 10.0.40219.1
Project("{FAE04EC0-301F-11D3-BF4B-00C04F79EFBC}") = "MyRepo", "MyRepo.csproj", "{D0BF61AE-C680-9EC6-2D2A-258264EA10BD}"
EndProject
Global
	GlobalSection(SolutionConfigurationPlatforms) = preSolution
		Debug|Any CPU = Debug|Any CPU
		Release|Any CPU = Release|Any CPU
	EndGlobalSection
	GlobalSection(ProjectConfigurationPlatforms) = postSolution
		{D0BF61AE-C680-9EC6-2D2A-258264EA10BD}.Debug|Any CPU.ActiveCfg = Debug|Any CPU
		{D0BF61AE-C680-9EC6-2D2A-258264EA10BD}.Debug|Any CPU.Build.0 = Debug|Any CPU
		{D0BF61AE-C680-9EC6-2D2A-258264EA10BD}.Release|Any CPU.ActiveCfg = Release|Any CPU
		{D0BF61AE-C680-9EC6-2D2A-258264EA10BD}.Release|Any CPU.Build.0 = Release|Any CPU
	EndGlobalSection
	GlobalSection(SolutionProperties) = preSolution
		HideSolutionNode = FALSE
	EndGlobalSection
	GlobalSection(ExtensibilityGlobals) = postSolution
		SolutionGuid = {07DFFCBA-0562-4F0E-B562-D3AFF99421A7}
	EndGlobalSection
EndGlobal
